
Microsoft Visual Studio Solution File, Format Version 12.00
# Visual Studio Version 16
VisualStudioVersion = 16.0.29306.81
MinimumVisualStudioVersion = 10.0.40219.1
Project("{FAE04EC0-301F-11D3-BF4B-00C04F79EFBC}") = "MandatoryAssignmentTask1", "MandatoryAssignmentTask1\MandatoryAssignmentTask1.csproj", "{28849C74-4FD4-45C1-AED1-8BD420889DF9}"
EndProject
Project("{FAE04EC0-301F-11D3-BF4B-00C04F79EFBC}") = "UnitTestMandatoryAssignment", "UnitTestMandatoryAssignment\UnitTestMandatoryAssignment.csproj", "{5DA3467E-C3BC-4FC5-9B04-1801D03097E6}"
EndProject
Global
	GlobalSection(SolutionConfigurationPlatforms) = preSolution
		Debug|Any CPU = Debug|Any CPU
		Release|Any CPU = Release|Any CPU
	EndGlobalSection
	GlobalSection(ProjectConfigurationPlatforms) = postSolution
		{28849C74-4FD4-45C1-AED1-8BD420889DF9}.Debug|Any CPU.ActiveCfg = Debug|Any CPU
		{28849C74-4FD4-45C1-AED1-8BD420889DF9}.Debug|Any CPU.Build.0 = Debug|Any CPU
		{28849C74-4FD4-45C1-AED1-8BD420889DF9}.Release|Any CPU.ActiveCfg = Release|Any CPU
		{28849C74-4FD4-45C1-AED1-8BD420889DF9}.Release|Any CPU.Build.0 = Release|Any CPU
		{5DA3467E-C3BC-4FC5-9B04-1801D03097E6}.Debug|Any CPU.ActiveCfg = Debug|Any CPU
		{5DA3467E-C3BC-4FC5-9B04-1801D03097E6}.Debug|Any CPU.Build.0 = Debug|Any CPU
		{5DA3467E-C3BC-4FC5-9B04-1801D03097E6}.Release|Any CPU.ActiveCfg = Release|Any CPU
		{5DA3467E-C3BC-4FC5-9B04-1801D03097E6}.Release|Any CPU.Build.0 = Release|Any CPU
	EndGlobalSection
	GlobalSection(SolutionProperties) = preSolution
		HideSolutionNode = FALSE
	EndGlobalSection
	GlobalSection(ExtensibilityGlobals) = postSolution
		SolutionGuid = {76FC8551-1102-4AC3-A609-F9A6E037351C}
	EndGlobalSection
EndGlobal
